// !$*UTF8*$!
{
	archiveVersion = 1;
	classes = {
	};
	objectVersion = 56;
	objects = {

/* Begin PBXBuildFile section */
		B30D66FC2C73C5860053144B /* AppDelegate.swift in Sources */ = {isa = PBXBuildFile; fileRef = B30D66FB2C73C5860053144B /* AppDelegate.swift */; };
		B30D66FE2C73C5860053144B /* SceneDelegate.swift in Sources */ = {isa = PBXBuildFile; fileRef = B30D66FD2C73C5860053144B /* SceneDelegate.swift */; };
		B30D67002C73C5860053144B /* ViewController.swift in Sources */ = {isa = PBXBuildFile; fileRef = B30D66FF2C73C5860053144B /* ViewController.swift */; };
		B30D67032C73C5860053144B /* Main.storyboard in Resources */ = {isa = PBXBuildFile; fileRef = B30D67012C73C5860053144B /* Main.storyboard */; };
		B30D67052C73C5890053144B /* Assets.xcassets in Resources */ = {isa = PBXBuildFile; fileRef = B30D67042C73C5890053144B /* Assets.xcassets */; };
		B30D67082C73C5890053144B /* LaunchScreen.storyboard in Resources */ = {isa = PBXBuildFile; fileRef = B30D67062C73C5890053144B /* LaunchScreen.storyboard */; };
		B30D67152C73C6510053144B /* Alamofire in Frameworks */ = {isa = PBXBuildFile; productRef = B30D67142C73C6510053144B /* Alamofire */; };
		B30D671A2C73C6640053144B /* GoogleSignIn in Frameworks */ = {isa = PBXBuildFile; productRef = B30D67192C73C6640053144B /* GoogleSignIn */; };
		B30D671C2C73C6640053144B /* GoogleSignInSwift in Frameworks */ = {isa = PBXBuildFile; productRef = B30D671B2C73C6640053144B /* GoogleSignInSwift */; };
		B30D671F2C73C6BB0053144B /* FirebaseAnalytics in Frameworks */ = {isa = PBXBuildFile; productRef = B30D671E2C73C6BB0053144B /* FirebaseAnalytics */; };
		B30D67212C73C6BB0053144B /* FirebaseAnalyticsOnDeviceConversion in Frameworks */ = {isa = PBXBuildFile; productRef = B30D67202C73C6BB0053144B /* FirebaseAnalyticsOnDeviceConversion */; };
		B30D67232C73C6BB0053144B /* FirebaseAnalyticsWithoutAdIdSupport in Frameworks */ = {isa = PBXBuildFile; productRef = B30D67222C73C6BB0053144B /* FirebaseAnalyticsWithoutAdIdSupport */; };
		B30D67252C73C6BB0053144B /* FirebaseAppCheck in Frameworks */ = {isa = PBXBuildFile; productRef = B30D67242C73C6BB0053144B /* FirebaseAppCheck */; };
		B30D67272C73C6BB0053144B /* FirebaseAppDistribution-Beta in Frameworks */ = {isa = PBXBuildFile; productRef = B30D67262C73C6BB0053144B /* FirebaseAppDistribution-Beta */; };
		B30D67292C73C7DF0053144B /* PropertyResponse.swift in Sources */ = {isa = PBXBuildFile; fileRef = B30D67282C73C7DF0053144B /* PropertyResponse.swift */; };
		B30D672B2C73C81E0053144B /* HomeView.swift in Sources */ = {isa = PBXBuildFile; fileRef = B30D672A2C73C81E0053144B /* HomeView.swift */; };
		B30D672E2C73C8640053144B /* APIManager.swift in Sources */ = {isa = PBXBuildFile; fileRef = B30D672D2C73C8640053144B /* APIManager.swift */; };
		B30D67312C73C90C0053144B /* GoogleService.swift in Sources */ = {isa = PBXBuildFile; fileRef = B30D67302C73C90C0053144B /* GoogleService.swift */; };
		B317B99C2C7A26C3001836EB /* GoogleService-Info.plist in Resources */ = {isa = PBXBuildFile; fileRef = B317B99B2C7A26C3001836EB /* GoogleService-Info.plist */; };
		B317B9A22C7A2EA8001836EB /* FirebaseAuth in Frameworks */ = {isa = PBXBuildFile; productRef = B317B9A12C7A2EA8001836EB /* FirebaseAuth */; };
		B317B9A52C7A2F6C001836EB /* FirebaseManager.swift in Sources */ = {isa = PBXBuildFile; fileRef = B317B9A42C7A2F6C001836EB /* FirebaseManager.swift */; };
		B317B9A82C7B924C001836EB /* app_utility.swift in Sources */ = {isa = PBXBuildFile; fileRef = B317B9A72C7B924C001836EB /* app_utility.swift */; };
		B317B9AA2C7B97F6001836EB /* HomeViewController.swift in Sources */ = {isa = PBXBuildFile; fileRef = B317B9A92C7B97F6001836EB /* HomeViewController.swift */; };
		B317B9AC2C7C2038001836EB /* LoginScreen.swift in Sources */ = {isa = PBXBuildFile; fileRef = B317B9AB2C7C2038001836EB /* LoginScreen.swift */; };
		B325EE7C2CA5FD360092215E /* AccountView.swift in Sources */ = {isa = PBXBuildFile; fileRef = B325EE7B2CA5FD360092215E /* AccountView.swift */; };
		B325EE7E2CA608EC0092215E /* LanguageView.swift in Sources */ = {isa = PBXBuildFile; fileRef = B325EE7D2CA608EC0092215E /* LanguageView.swift */; };
		B325EE812CA6A74B0092215E /* Localizable.strings in Resources */ = {isa = PBXBuildFile; fileRef = B325EE7F2CA6A74B0092215E /* Localizable.strings */; };
		B325EE892CA6BF300092215E /* Fredoka-Light.ttf in Resources */ = {isa = PBXBuildFile; fileRef = B325EE882CA6BF300092215E /* Fredoka-Light.ttf */; };
		B325EE8B2CA6BF5E0092215E /* Fredoka-Regular.ttf in Resources */ = {isa = PBXBuildFile; fileRef = B325EE8A2CA6BF5E0092215E /* Fredoka-Regular.ttf */; };
		B325EE8D2CA6D5AB0092215E /* Poppins-Light.ttf in Resources */ = {isa = PBXBuildFile; fileRef = B325EE8C2CA6D5AB0092215E /* Poppins-Light.ttf */; };
		B325EE8F2CA6D5D20092215E /* Poppins-Medium.ttf in Resources */ = {isa = PBXBuildFile; fileRef = B325EE8E2CA6D5D20092215E /* Poppins-Medium.ttf */; };
		B325EE912CA6D5D90092215E /* Poppins-Regular.ttf in Resources */ = {isa = PBXBuildFile; fileRef = B325EE902CA6D5D90092215E /* Poppins-Regular.ttf */; };
		B325EE932CA6D7AB0092215E /* Poppins-Bold.ttf in Resources */ = {isa = PBXBuildFile; fileRef = B325EE922CA6D7AB0092215E /* Poppins-Bold.ttf */; };
		B3623DF02CA4ABFE003AE477 /* FirebaseFirestore in Frameworks */ = {isa = PBXBuildFile; productRef = B3623DEF2CA4ABFE003AE477 /* FirebaseFirestore */; };
		B3623DF22CA4AC19003AE477 /* FirebaseStorage in Frameworks */ = {isa = PBXBuildFile; productRef = B3623DF12CA4AC19003AE477 /* FirebaseStorage */; };
		B3623DF62CA4ADF5003AE477 /* FavoriteCollectionViewCell.swift in Sources */ = {isa = PBXBuildFile; fileRef = B3623DF52CA4ADF5003AE477 /* FavoriteCollectionViewCell.swift */; };
		B3623DFA2CA4B01D003AE477 /* FavoriteView.swift in Sources */ = {isa = PBXBuildFile; fileRef = B3623DF92CA4B01D003AE477 /* FavoriteView.swift */; };
		B3623DFC2CA4BD49003AE477 /* FavoriteListing.swift in Sources */ = {isa = PBXBuildFile; fileRef = B3623DFB2CA4BD43003AE477 /* FavoriteListing.swift */; };
		B3623DFF2CA4C070003AE477 /* KeychainSwift in Frameworks */ = {isa = PBXBuildFile; productRef = B3623DFE2CA4C070003AE477 /* KeychainSwift */; };
		B3623E012CA4C097003AE477 /* KeychainManager.swift in Sources */ = {isa = PBXBuildFile; fileRef = B3623E002CA4C092003AE477 /* KeychainManager.swift */; };
		B37239602C74D65F00EE8241 /* SanityService.swift in Sources */ = {isa = PBXBuildFile; fileRef = B372395F2C74D65F00EE8241 /* SanityService.swift */; };
		B37239642C74F01D00EE8241 /* AllProperty.swift in Sources */ = {isa = PBXBuildFile; fileRef = B37239632C74F01D00EE8241 /* AllProperty.swift */; };
		B38DF7D02CA29AE4004CBBA8 /* ListingDetailView.swift in Sources */ = {isa = PBXBuildFile; fileRef = B38DF7CF2CA29AD9004CBBA8 /* ListingDetailView.swift */; };
		B38DF7D22CA2A016004CBBA8 /* ListingDetailViewController.swift in Sources */ = {isa = PBXBuildFile; fileRef = B38DF7D12CA2A016004CBBA8 /* ListingDetailViewController.swift */; };
		B3D46F852C80D80900F44F6F /* PropertyCollectionViewCell.swift in Sources */ = {isa = PBXBuildFile; fileRef = B3D46F842C80D80900F44F6F /* PropertyCollectionViewCell.swift */; };
		B3D46F882C80E6C700F44F6F /* URLHelper.swift in Sources */ = {isa = PBXBuildFile; fileRef = B3D46F872C80E6C700F44F6F /* URLHelper.swift */; };
		B3D46F8A2C80E96100F44F6F /* ProfileViewController.swift in Sources */ = {isa = PBXBuildFile; fileRef = B3D46F892C80E96100F44F6F /* ProfileViewController.swift */; };
		BA43BEB02C84C3840036175F /* ListingResponse.swift in Sources */ = {isa = PBXBuildFile; fileRef = BA43BEAF2C84C3840036175F /* ListingResponse.swift */; };
		BA43BEB22C84C5960036175F /* AllListing.swift in Sources */ = {isa = PBXBuildFile; fileRef = BA43BEB12C84C5960036175F /* AllListing.swift */; };
		BA43BEB42C84FA400036175F /* ListingsViewController.swift in Sources */ = {isa = PBXBuildFile; fileRef = BA43BEB32C84FA400036175F /* ListingsViewController.swift */; };
		BA43BEB62C84FAC00036175F /* ListingsHomeView.swift in Sources */ = {isa = PBXBuildFile; fileRef = BA43BEB52C84FAC00036175F /* ListingsHomeView.swift */; };
		BA43BEB82C84FE9D0036175F /* ListingsCollectionViewCell.swift in Sources */ = {isa = PBXBuildFile; fileRef = BA43BEB72C84FE9D0036175F /* ListingsCollectionViewCell.swift */; };
		BA43BEBB2C85169D0036175F /* SDWebImage in Frameworks */ = {isa = PBXBuildFile; productRef = BA43BEBA2C85169D0036175F /* SDWebImage */; };
		BACD577D2CA312E000423BC8 /* FavoritesViewController.swift in Sources */ = {isa = PBXBuildFile; fileRef = BACD577C2CA312E000423BC8 /* FavoritesViewController.swift */; };
		BACD577F2CA312F100423BC8 /* AccountViewController.swift in Sources */ = {isa = PBXBuildFile; fileRef = BACD577E2CA312F100423BC8 /* AccountViewController.swift */; };
		BACD57812CA3130000423BC8 /* LanguageViewController.swift in Sources */ = {isa = PBXBuildFile; fileRef = BACD57802CA3130000423BC8 /* LanguageViewController.swift */; };
/* End PBXBuildFile section */

/* Begin PBXFileReference section */
		B30D66F82C73C5860053144B /* MY Property.app */ = {isa = PBXFileReference; explicitFileType = wrapper.application; includeInIndex = 0; path = "MY Property.app"; sourceTree = BUILT_PRODUCTS_DIR; };
		B30D66FB2C73C5860053144B /* AppDelegate.swift */ = {isa = PBXFileReference; lastKnownFileType = sourcecode.swift; path = AppDelegate.swift; sourceTree = "<group>"; };
		B30D66FD2C73C5860053144B /* SceneDelegate.swift */ = {isa = PBXFileReference; lastKnownFileType = sourcecode.swift; path = SceneDelegate.swift; sourceTree = "<group>"; };
		B30D66FF2C73C5860053144B /* ViewController.swift */ = {isa = PBXFileReference; lastKnownFileType = sourcecode.swift; path = ViewController.swift; sourceTree = "<group>"; };
		B30D67022C73C5860053144B /* Base */ = {isa = PBXFileReference; lastKnownFileType = file.storyboard; name = Base; path = Base.lproj/Main.storyboard; sourceTree = "<group>"; };
		B30D67042C73C5890053144B /* Assets.xcassets */ = {isa = PBXFileReference; lastKnownFileType = folder.assetcatalog; path = Assets.xcassets; sourceTree = "<group>"; };
		B30D67072C73C5890053144B /* Base */ = {isa = PBXFileReference; lastKnownFileType = file.storyboard; name = Base; path = Base.lproj/LaunchScreen.storyboard; sourceTree = "<group>"; };
		B30D67092C73C5890053144B /* Info.plist */ = {isa = PBXFileReference; lastKnownFileType = text.plist.xml; path = Info.plist; sourceTree = "<group>"; };
		B30D67282C73C7DF0053144B /* PropertyResponse.swift */ = {isa = PBXFileReference; lastKnownFileType = sourcecode.swift; path = PropertyResponse.swift; sourceTree = "<group>"; };
		B30D672A2C73C81E0053144B /* HomeView.swift */ = {isa = PBXFileReference; lastKnownFileType = sourcecode.swift; path = HomeView.swift; sourceTree = "<group>"; };
		B30D672D2C73C8640053144B /* APIManager.swift */ = {isa = PBXFileReference; lastKnownFileType = sourcecode.swift; path = APIManager.swift; sourceTree = "<group>"; };
		B30D67302C73C90C0053144B /* GoogleService.swift */ = {isa = PBXFileReference; lastKnownFileType = sourcecode.swift; path = GoogleService.swift; sourceTree = "<group>"; };
		B317B99B2C7A26C3001836EB /* GoogleService-Info.plist */ = {isa = PBXFileReference; fileEncoding = 4; lastKnownFileType = text.plist.xml; path = "GoogleService-Info.plist"; sourceTree = "<group>"; };
		B317B9A42C7A2F6C001836EB /* FirebaseManager.swift */ = {isa = PBXFileReference; lastKnownFileType = sourcecode.swift; path = FirebaseManager.swift; sourceTree = "<group>"; };
		B317B9A72C7B924C001836EB /* app_utility.swift */ = {isa = PBXFileReference; lastKnownFileType = sourcecode.swift; path = app_utility.swift; sourceTree = "<group>"; };
		B317B9A92C7B97F6001836EB /* HomeViewController.swift */ = {isa = PBXFileReference; lastKnownFileType = sourcecode.swift; path = HomeViewController.swift; sourceTree = "<group>"; };
		B317B9AB2C7C2038001836EB /* LoginScreen.swift */ = {isa = PBXFileReference; lastKnownFileType = sourcecode.swift; path = LoginScreen.swift; sourceTree = "<group>"; };
		B325EE7B2CA5FD360092215E /* AccountView.swift */ = {isa = PBXFileReference; lastKnownFileType = sourcecode.swift; path = AccountView.swift; sourceTree = "<group>"; };
		B325EE7D2CA608EC0092215E /* LanguageView.swift */ = {isa = PBXFileReference; lastKnownFileType = sourcecode.swift; path = LanguageView.swift; sourceTree = "<group>"; };
		B325EE802CA6A74B0092215E /* en */ = {isa = PBXFileReference; lastKnownFileType = text.plist.strings; name = en; path = en.lproj/Localizable.strings; sourceTree = "<group>"; };
		B325EE822CA6A7700092215E /* th */ = {isa = PBXFileReference; lastKnownFileType = text.plist.strings; name = th; path = th.lproj/Localizable.strings; sourceTree = "<group>"; };
		B325EE832CA6A7A70092215E /* my-MM */ = {isa = PBXFileReference; lastKnownFileType = text.plist.strings; name = "my-MM"; path = "my-MM.lproj/Localizable.strings"; sourceTree = "<group>"; };
		B325EE882CA6BF300092215E /* Fredoka-Light.ttf */ = {isa = PBXFileReference; lastKnownFileType = file; path = "Fredoka-Light.ttf"; sourceTree = "<group>"; };
		B325EE8A2CA6BF5E0092215E /* Fredoka-Regular.ttf */ = {isa = PBXFileReference; lastKnownFileType = file; path = "Fredoka-Regular.ttf"; sourceTree = "<group>"; };
		B325EE8C2CA6D5AB0092215E /* Poppins-Light.ttf */ = {isa = PBXFileReference; lastKnownFileType = file; path = "Poppins-Light.ttf"; sourceTree = "<group>"; };
		B325EE8E2CA6D5D20092215E /* Poppins-Medium.ttf */ = {isa = PBXFileReference; lastKnownFileType = file; path = "Poppins-Medium.ttf"; sourceTree = "<group>"; };
		B325EE902CA6D5D90092215E /* Poppins-Regular.ttf */ = {isa = PBXFileReference; lastKnownFileType = file; path = "Poppins-Regular.ttf"; sourceTree = "<group>"; };
		B325EE922CA6D7AB0092215E /* Poppins-Bold.ttf */ = {isa = PBXFileReference; lastKnownFileType = file; path = "Poppins-Bold.ttf"; sourceTree = "<group>"; };
		B3623DF52CA4ADF5003AE477 /* FavoriteCollectionViewCell.swift */ = {isa = PBXFileReference; lastKnownFileType = sourcecode.swift; path = FavoriteCollectionViewCell.swift; sourceTree = "<group>"; };
		B3623DF92CA4B01D003AE477 /* FavoriteView.swift */ = {isa = PBXFileReference; lastKnownFileType = sourcecode.swift; path = FavoriteView.swift; sourceTree = "<group>"; };
		B3623DFB2CA4BD43003AE477 /* FavoriteListing.swift */ = {isa = PBXFileReference; lastKnownFileType = sourcecode.swift; path = FavoriteListing.swift; sourceTree = "<group>"; };
		B3623E002CA4C092003AE477 /* KeychainManager.swift */ = {isa = PBXFileReference; lastKnownFileType = sourcecode.swift; path = KeychainManager.swift; sourceTree = "<group>"; };
		B372395F2C74D65F00EE8241 /* SanityService.swift */ = {isa = PBXFileReference; lastKnownFileType = sourcecode.swift; path = SanityService.swift; sourceTree = "<group>"; };
		B37239632C74F01D00EE8241 /* AllProperty.swift */ = {isa = PBXFileReference; lastKnownFileType = sourcecode.swift; path = AllProperty.swift; sourceTree = "<group>"; };
		B38DF7CF2CA29AD9004CBBA8 /* ListingDetailView.swift */ = {isa = PBXFileReference; lastKnownFileType = sourcecode.swift; path = ListingDetailView.swift; sourceTree = "<group>"; };
		B38DF7D12CA2A016004CBBA8 /* ListingDetailViewController.swift */ = {isa = PBXFileReference; lastKnownFileType = sourcecode.swift; path = ListingDetailViewController.swift; sourceTree = "<group>"; };
		B3D46F842C80D80900F44F6F /* PropertyCollectionViewCell.swift */ = {isa = PBXFileReference; lastKnownFileType = sourcecode.swift; path = PropertyCollectionViewCell.swift; sourceTree = "<group>"; };
		B3D46F872C80E6C700F44F6F /* URLHelper.swift */ = {isa = PBXFileReference; lastKnownFileType = sourcecode.swift; path = URLHelper.swift; sourceTree = "<group>"; };
		B3D46F892C80E96100F44F6F /* ProfileViewController.swift */ = {isa = PBXFileReference; lastKnownFileType = sourcecode.swift; path = ProfileViewController.swift; sourceTree = "<group>"; };
		BA43BEAF2C84C3840036175F /* ListingResponse.swift */ = {isa = PBXFileReference; lastKnownFileType = sourcecode.swift; path = ListingResponse.swift; sourceTree = "<group>"; };
		BA43BEB12C84C5960036175F /* AllListing.swift */ = {isa = PBXFileReference; lastKnownFileType = sourcecode.swift; path = AllListing.swift; sourceTree = "<group>"; };
		BA43BEB32C84FA400036175F /* ListingsViewController.swift */ = {isa = PBXFileReference; lastKnownFileType = sourcecode.swift; path = ListingsViewController.swift; sourceTree = "<group>"; };
		BA43BEB52C84FAC00036175F /* ListingsHomeView.swift */ = {isa = PBXFileReference; lastKnownFileType = sourcecode.swift; path = ListingsHomeView.swift; sourceTree = "<group>"; };
		BA43BEB72C84FE9D0036175F /* ListingsCollectionViewCell.swift */ = {isa = PBXFileReference; lastKnownFileType = sourcecode.swift; path = ListingsCollectionViewCell.swift; sourceTree = "<group>"; };
		BACD577C2CA312E000423BC8 /* FavoritesViewController.swift */ = {isa = PBXFileReference; lastKnownFileType = sourcecode.swift; path = FavoritesViewController.swift; sourceTree = "<group>"; };
		BACD577E2CA312F100423BC8 /* AccountViewController.swift */ = {isa = PBXFileReference; lastKnownFileType = sourcecode.swift; path = AccountViewController.swift; sourceTree = "<group>"; };
		BACD57802CA3130000423BC8 /* LanguageViewController.swift */ = {isa = PBXFileReference; lastKnownFileType = sourcecode.swift; path = LanguageViewController.swift; sourceTree = "<group>"; };
/* End PBXFileReference section */

/* Begin PBXFrameworksBuildPhase section */
		B30D66F52C73C5860053144B /* Frameworks */ = {
			isa = PBXFrameworksBuildPhase;
			buildActionMask = 2147483647;
			files = (
				B30D67252C73C6BB0053144B /* FirebaseAppCheck in Frameworks */,
				B30D67152C73C6510053144B /* Alamofire in Frameworks */,
				B30D67212C73C6BB0053144B /* FirebaseAnalyticsOnDeviceConversion in Frameworks */,
				B30D671A2C73C6640053144B /* GoogleSignIn in Frameworks */,
				BA43BEBB2C85169D0036175F /* SDWebImage in Frameworks */,
				B3623DFF2CA4C070003AE477 /* KeychainSwift in Frameworks */,
				B3623DF22CA4AC19003AE477 /* FirebaseStorage in Frameworks */,
				B317B9A22C7A2EA8001836EB /* FirebaseAuth in Frameworks */,
				B30D67232C73C6BB0053144B /* FirebaseAnalyticsWithoutAdIdSupport in Frameworks */,
				B30D671F2C73C6BB0053144B /* FirebaseAnalytics in Frameworks */,
				B30D671C2C73C6640053144B /* GoogleSignInSwift in Frameworks */,
				B3623DF02CA4ABFE003AE477 /* FirebaseFirestore in Frameworks */,
				B30D67272C73C6BB0053144B /* FirebaseAppDistribution-Beta in Frameworks */,
			);
			runOnlyForDeploymentPostprocessing = 0;
		};
/* End PBXFrameworksBuildPhase section */

/* Begin PBXGroup section */
		B30D66EF2C73C5860053144B = {
			isa = PBXGroup;
			children = (
				B325EE7F2CA6A74B0092215E /* Localizable.strings */,
				B30D66FA2C73C5860053144B /* MY Property */,
				B30D66F92C73C5860053144B /* Products */,
				B317B9A02C7A2EA8001836EB /* Frameworks */,
			);
			sourceTree = "<group>";
		};
		B30D66F92C73C5860053144B /* Products */ = {
			isa = PBXGroup;
			children = (
				B30D66F82C73C5860053144B /* MY Property.app */,
			);
			name = Products;
			sourceTree = "<group>";
		};
		B30D66FA2C73C5860053144B /* MY Property */ = {
			isa = PBXGroup;
			children = (
				B317B99B2C7A26C3001836EB /* GoogleService-Info.plist */,
				B30D67092C73C5890053144B /* Info.plist */,
				B325EE872CA6BF050092215E /* Fonts */,
				B3D46F862C80E6B600F44F6F /* Helper */,
				B31525402C80912200F6FBFF /* Cell */,
				B317B9A62C7B9232001836EB /* Utility */,
				B37239622C74EFBD00EE8241 /* NetworkUseCases */,
				B30D672F2C73C8FF0053144B /* Service */,
				B30D672C2C73C8460053144B /* Manager */,
				B30D67122C73C5D30053144B /* Delegate */,
				B30D67112C73C5CB0053144B /* Controller */,
				B30D67102C73C5C50053144B /* View */,
				B30D670F2C73C5C00053144B /* Model */,
				B30D67012C73C5860053144B /* Main.storyboard */,
				B30D67042C73C5890053144B /* Assets.xcassets */,
				B30D67062C73C5890053144B /* LaunchScreen.storyboard */,
			);
			path = "MY Property";
			sourceTree = "<group>";
		};
		B30D670F2C73C5C00053144B /* Model */ = {
			isa = PBXGroup;
			children = (
				B3623DFB2CA4BD43003AE477 /* FavoriteListing.swift */,
				B30D67282C73C7DF0053144B /* PropertyResponse.swift */,
				BA43BEAF2C84C3840036175F /* ListingResponse.swift */,
			);
			path = Model;
			sourceTree = "<group>";
		};
		B30D67102C73C5C50053144B /* View */ = {
			isa = PBXGroup;
			children = (
				B38DF7CF2CA29AD9004CBBA8 /* ListingDetailView.swift */,
				B30D672A2C73C81E0053144B /* HomeView.swift */,
				BA43BEB52C84FAC00036175F /* ListingsHomeView.swift */,
				B317B9AB2C7C2038001836EB /* LoginScreen.swift */,
				B3623DF92CA4B01D003AE477 /* FavoriteView.swift */,
				B325EE7B2CA5FD360092215E /* AccountView.swift */,
				B325EE7D2CA608EC0092215E /* LanguageView.swift */,
			);
			path = View;
			sourceTree = "<group>";
		};
		B30D67112C73C5CB0053144B /* Controller */ = {
			isa = PBXGroup;
			children = (
				BA43BEB32C84FA400036175F /* ListingsViewController.swift */,
				B30D66FF2C73C5860053144B /* ViewController.swift */,
				B317B9A92C7B97F6001836EB /* HomeViewController.swift */,
				B3D46F892C80E96100F44F6F /* ProfileViewController.swift */,
				B38DF7D12CA2A016004CBBA8 /* ListingDetailViewController.swift */,
				BACD577C2CA312E000423BC8 /* FavoritesViewController.swift */,
				BACD577E2CA312F100423BC8 /* AccountViewController.swift */,
				BACD57802CA3130000423BC8 /* LanguageViewController.swift */,
			);
			path = Controller;
			sourceTree = "<group>";
		};
		B30D67122C73C5D30053144B /* Delegate */ = {
			isa = PBXGroup;
			children = (
				B30D66FB2C73C5860053144B /* AppDelegate.swift */,
				B30D66FD2C73C5860053144B /* SceneDelegate.swift */,
			);
			path = Delegate;
			sourceTree = "<group>";
		};
		B30D672C2C73C8460053144B /* Manager */ = {
			isa = PBXGroup;
			children = (
				B3623E002CA4C092003AE477 /* KeychainManager.swift */,
				B30D672D2C73C8640053144B /* APIManager.swift */,
				B317B9A42C7A2F6C001836EB /* FirebaseManager.swift */,
			);
			path = Manager;
			sourceTree = "<group>";
		};
		B30D672F2C73C8FF0053144B /* Service */ = {
			isa = PBXGroup;
			children = (
				B30D67302C73C90C0053144B /* GoogleService.swift */,
				B372395F2C74D65F00EE8241 /* SanityService.swift */,
			);
			path = Service;
			sourceTree = "<group>";
		};
		B31525402C80912200F6FBFF /* Cell */ = {
			isa = PBXGroup;
			children = (
				B3D46F842C80D80900F44F6F /* PropertyCollectionViewCell.swift */,
				BA43BEB72C84FE9D0036175F /* ListingsCollectionViewCell.swift */,
				B3623DF52CA4ADF5003AE477 /* FavoriteCollectionViewCell.swift */,
			);
			path = Cell;
			sourceTree = "<group>";
		};
		B317B9A02C7A2EA8001836EB /* Frameworks */ = {
			isa = PBXGroup;
			children = (
			);
			name = Frameworks;
			sourceTree = "<group>";
		};
		B317B9A62C7B9232001836EB /* Utility */ = {
			isa = PBXGroup;
			children = (
				B317B9A72C7B924C001836EB /* app_utility.swift */,
			);
			path = Utility;
			sourceTree = "<group>";
		};
		B325EE872CA6BF050092215E /* Fonts */ = {
			isa = PBXGroup;
			children = (
				B325EE922CA6D7AB0092215E /* Poppins-Bold.ttf */,
				B325EE902CA6D5D90092215E /* Poppins-Regular.ttf */,
				B325EE8E2CA6D5D20092215E /* Poppins-Medium.ttf */,
				B325EE8C2CA6D5AB0092215E /* Poppins-Light.ttf */,
				B325EE8A2CA6BF5E0092215E /* Fredoka-Regular.ttf */,
				B325EE882CA6BF300092215E /* Fredoka-Light.ttf */,
			);
			path = Fonts;
			sourceTree = "<group>";
		};
		B37239622C74EFBD00EE8241 /* NetworkUseCases */ = {
			isa = PBXGroup;
			children = (
				B37239632C74F01D00EE8241 /* AllProperty.swift */,
				BA43BEB12C84C5960036175F /* AllListing.swift */,
			);
			path = NetworkUseCases;
			sourceTree = "<group>";
		};
		B3D46F862C80E6B600F44F6F /* Helper */ = {
			isa = PBXGroup;
			children = (
				B3D46F872C80E6C700F44F6F /* URLHelper.swift */,
			);
			path = Helper;
			sourceTree = "<group>";
		};
/* End PBXGroup section */

/* Begin PBXNativeTarget section */
		B30D66F72C73C5860053144B /* MY Property */ = {
			isa = PBXNativeTarget;
			buildConfigurationList = B30D670C2C73C5890053144B /* Build configuration list for PBXNativeTarget "MY Property" */;
			buildPhases = (
				B30D66F42C73C5860053144B /* Sources */,
				B30D66F52C73C5860053144B /* Frameworks */,
				B30D66F62C73C5860053144B /* Resources */,
			);
			buildRules = (
			);
			dependencies = (
			);
			name = "MY Property";
			packageProductDependencies = (
				B30D67142C73C6510053144B /* Alamofire */,
				B30D67192C73C6640053144B /* GoogleSignIn */,
				B30D671B2C73C6640053144B /* GoogleSignInSwift */,
				B30D671E2C73C6BB0053144B /* FirebaseAnalytics */,
				B30D67202C73C6BB0053144B /* FirebaseAnalyticsOnDeviceConversion */,
				B30D67222C73C6BB0053144B /* FirebaseAnalyticsWithoutAdIdSupport */,
				B30D67242C73C6BB0053144B /* FirebaseAppCheck */,
				B30D67262C73C6BB0053144B /* FirebaseAppDistribution-Beta */,
				B317B9A12C7A2EA8001836EB /* FirebaseAuth */,
				BA43BEBA2C85169D0036175F /* SDWebImage */,
				B3623DEF2CA4ABFE003AE477 /* FirebaseFirestore */,
				B3623DF12CA4AC19003AE477 /* FirebaseStorage */,
				B3623DFE2CA4C070003AE477 /* KeychainSwift */,
			);
			productName = "MY Property";
			productReference = B30D66F82C73C5860053144B /* MY Property.app */;
			productType = "com.apple.product-type.application";
		};
/* End PBXNativeTarget section */

/* Begin PBXProject section */
		B30D66F02C73C5860053144B /* Project object */ = {
			isa = PBXProject;
			attributes = {
				BuildIndependentTargetsInParallel = 1;
				LastSwiftUpdateCheck = 1520;
				LastUpgradeCheck = 1520;
				TargetAttributes = {
					B30D66F72C73C5860053144B = {
						CreatedOnToolsVersion = 15.2;
					};
				};
			};
			buildConfigurationList = B30D66F32C73C5860053144B /* Build configuration list for PBXProject "MY Property" */;
			compatibilityVersion = "Xcode 14.0";
			developmentRegion = en;
			hasScannedForEncodings = 0;
			knownRegions = (
				en,
				Base,
				th,
				"my-MM",
			);
			mainGroup = B30D66EF2C73C5860053144B;
			packageReferences = (
				B30D67132C73C6510053144B /* XCRemoteSwiftPackageReference "Alamofire" */,
				B30D67182C73C6630053144B /* XCRemoteSwiftPackageReference "GoogleSignIn-iOS" */,
				B30D671D2C73C6BB0053144B /* XCRemoteSwiftPackageReference "firebase-ios-sdk" */,
				BA43BEB92C85169D0036175F /* XCRemoteSwiftPackageReference "SDWebImage" */,
				B3623DFD2CA4C070003AE477 /* XCRemoteSwiftPackageReference "keychain-swift" */,
			);
			productRefGroup = B30D66F92C73C5860053144B /* Products */;
			projectDirPath = "";
			projectRoot = "";
			targets = (
				B30D66F72C73C5860053144B /* MY Property */,
			);
		};
/* End PBXProject section */

/* Begin PBXResourcesBuildPhase section */
		B30D66F62C73C5860053144B /* Resources */ = {
			isa = PBXResourcesBuildPhase;
			buildActionMask = 2147483647;
			files = (
				B325EE812CA6A74B0092215E /* Localizable.strings in Resources */,
				B30D67082C73C5890053144B /* LaunchScreen.storyboard in Resources */,
				B317B99C2C7A26C3001836EB /* GoogleService-Info.plist in Resources */,
				B325EE8D2CA6D5AB0092215E /* Poppins-Light.ttf in Resources */,
				B30D67052C73C5890053144B /* Assets.xcassets in Resources */,
				B325EE892CA6BF300092215E /* Fredoka-Light.ttf in Resources */,
				B325EE8F2CA6D5D20092215E /* Poppins-Medium.ttf in Resources */,
				B325EE932CA6D7AB0092215E /* Poppins-Bold.ttf in Resources */,
				B30D67032C73C5860053144B /* Main.storyboard in Resources */,
				B325EE8B2CA6BF5E0092215E /* Fredoka-Regular.ttf in Resources */,
				B325EE912CA6D5D90092215E /* Poppins-Regular.ttf in Resources */,
			);
			runOnlyForDeploymentPostprocessing = 0;
		};
/* End PBXResourcesBuildPhase section */

/* Begin PBXSourcesBuildPhase section */
		B30D66F42C73C5860053144B /* Sources */ = {
			isa = PBXSourcesBuildPhase;
			buildActionMask = 2147483647;
			files = (
				B3623DFC2CA4BD49003AE477 /* FavoriteListing.swift in Sources */,
				B38DF7D02CA29AE4004CBBA8 /* ListingDetailView.swift in Sources */,
				BACD577F2CA312F100423BC8 /* AccountViewController.swift in Sources */,
				B3D46F882C80E6C700F44F6F /* URLHelper.swift in Sources */,
				B317B9AC2C7C2038001836EB /* LoginScreen.swift in Sources */,
				B3623DF62CA4ADF5003AE477 /* FavoriteCollectionViewCell.swift in Sources */,
				B30D672E2C73C8640053144B /* APIManager.swift in Sources */,
				B30D67002C73C5860053144B /* ViewController.swift in Sources */,
				B38DF7D22CA2A016004CBBA8 /* ListingDetailViewController.swift in Sources */,
				BA43BEB22C84C5960036175F /* AllListing.swift in Sources */,
				BACD577D2CA312E000423BC8 /* FavoritesViewController.swift in Sources */,
				BA43BEB42C84FA400036175F /* ListingsViewController.swift in Sources */,
				B325EE7E2CA608EC0092215E /* LanguageView.swift in Sources */,
				BACD57812CA3130000423BC8 /* LanguageViewController.swift in Sources */,
				B30D67312C73C90C0053144B /* GoogleService.swift in Sources */,
				B317B9A52C7A2F6C001836EB /* FirebaseManager.swift in Sources */,
				B3D46F8A2C80E96100F44F6F /* ProfileViewController.swift in Sources */,
				B317B9A82C7B924C001836EB /* app_utility.swift in Sources */,
				BA43BEB02C84C3840036175F /* ListingResponse.swift in Sources */,
				B30D67292C73C7DF0053144B /* PropertyResponse.swift in Sources */,
				B3623E012CA4C097003AE477 /* KeychainManager.swift in Sources */,
				B30D66FC2C73C5860053144B /* AppDelegate.swift in Sources */,
				B3D46F852C80D80900F44F6F /* PropertyCollectionViewCell.swift in Sources */,
				B30D672B2C73C81E0053144B /* HomeView.swift in Sources */,
				B30D66FE2C73C5860053144B /* SceneDelegate.swift in Sources */,
				B3623DFA2CA4B01D003AE477 /* FavoriteView.swift in Sources */,
				B37239602C74D65F00EE8241 /* SanityService.swift in Sources */,
				B37239642C74F01D00EE8241 /* AllProperty.swift in Sources */,
				BA43BEB82C84FE9D0036175F /* ListingsCollectionViewCell.swift in Sources */,
				BA43BEB62C84FAC00036175F /* ListingsHomeView.swift in Sources */,
				B325EE7C2CA5FD360092215E /* AccountView.swift in Sources */,
				B317B9AA2C7B97F6001836EB /* HomeViewController.swift in Sources */,
			);
			runOnlyForDeploymentPostprocessing = 0;
		};
/* End PBXSourcesBuildPhase section */

/* Begin PBXVariantGroup section */
		B30D67012C73C5860053144B /* Main.storyboard */ = {
			isa = PBXVariantGroup;
			children = (
				B30D67022C73C5860053144B /* Base */,
			);
			name = Main.storyboard;
			sourceTree = "<group>";
		};
		B30D67062C73C5890053144B /* LaunchScreen.storyboard */ = {
			isa = PBXVariantGroup;
			children = (
				B30D67072C73C5890053144B /* Base */,
			);
			name = LaunchScreen.storyboard;
			sourceTree = "<group>";
		};
		B325EE7F2CA6A74B0092215E /* Localizable.strings */ = {
			isa = PBXVariantGroup;
			children = (
				B325EE802CA6A74B0092215E /* en */,
				B325EE822CA6A7700092215E /* th */,
				B325EE832CA6A7A70092215E /* my-MM */,
			);
			name = Localizable.strings;
			sourceTree = "<group>";
		};
/* End PBXVariantGroup section */

/* Begin XCBuildConfiguration section */
		B30D670A2C73C5890053144B /* Debug */ = {
			isa = XCBuildConfiguration;
			buildSettings = {
				ALWAYS_SEARCH_USER_PATHS = NO;
				ASSETCATALOG_COMPILER_GENERATE_SWIFT_ASSET_SYMBOL_EXTENSIONS = YES;
				CLANG_ANALYZER_LOCALIZABILITY_NONLOCALIZED = YES;
				CLANG_ANALYZER_NONNULL = YES;
				CLANG_ANALYZER_NUMBER_OBJECT_CONVERSION = YES_AGGRESSIVE;
				CLANG_CXX_LANGUAGE_STANDARD = "gnu++20";
				CLANG_ENABLE_MODULES = YES;
				CLANG_ENABLE_OBJC_ARC = YES;
				CLANG_ENABLE_OBJC_WEAK = YES;
				CLANG_WARN_BLOCK_CAPTURE_AUTORELEASING = YES;
				CLANG_WARN_BOOL_CONVERSION = YES;
				CLANG_WARN_COMMA = YES;
				CLANG_WARN_CONSTANT_CONVERSION = YES;
				CLANG_WARN_DEPRECATED_OBJC_IMPLEMENTATIONS = YES;
				CLANG_WARN_DIRECT_OBJC_ISA_USAGE = YES_ERROR;
				CLANG_WARN_DOCUMENTATION_COMMENTS = YES;
				CLANG_WARN_EMPTY_BODY = YES;
				CLANG_WARN_ENUM_CONVERSION = YES;
				CLANG_WARN_INFINITE_RECURSION = YES;
				CLANG_WARN_INT_CONVERSION = YES;
				CLANG_WARN_NON_LITERAL_NULL_CONVERSION = YES;
				CLANG_WARN_OBJC_IMPLICIT_RETAIN_SELF = YES;
				CLANG_WARN_OBJC_LITERAL_CONVERSION = YES;
				CLANG_WARN_OBJC_ROOT_CLASS = YES_ERROR;
				CLANG_WARN_QUOTED_INCLUDE_IN_FRAMEWORK_HEADER = YES;
				CLANG_WARN_RANGE_LOOP_ANALYSIS = YES;
				CLANG_WARN_STRICT_PROTOTYPES = YES;
				CLANG_WARN_SUSPICIOUS_MOVE = YES;
				CLANG_WARN_UNGUARDED_AVAILABILITY = YES_AGGRESSIVE;
				CLANG_WARN_UNREACHABLE_CODE = YES;
				CLANG_WARN__DUPLICATE_METHOD_MATCH = YES;
				COPY_PHASE_STRIP = NO;
				DEBUG_INFORMATION_FORMAT = dwarf;
				ENABLE_STRICT_OBJC_MSGSEND = YES;
				ENABLE_TESTABILITY = YES;
				ENABLE_USER_SCRIPT_SANDBOXING = YES;
				GCC_C_LANGUAGE_STANDARD = gnu17;
				GCC_DYNAMIC_NO_PIC = NO;
				GCC_NO_COMMON_BLOCKS = YES;
				GCC_OPTIMIZATION_LEVEL = 0;
				GCC_PREPROCESSOR_DEFINITIONS = (
					"DEBUG=1",
					"$(inherited)",
				);
				GCC_WARN_64_TO_32_BIT_CONVERSION = YES;
				GCC_WARN_ABOUT_RETURN_TYPE = YES_ERROR;
				GCC_WARN_UNDECLARED_SELECTOR = YES;
				GCC_WARN_UNINITIALIZED_AUTOS = YES_AGGRESSIVE;
				GCC_WARN_UNUSED_FUNCTION = YES;
				GCC_WARN_UNUSED_VARIABLE = YES;
				IPHONEOS_DEPLOYMENT_TARGET = 17.2;
				LOCALIZATION_PREFERS_STRING_CATALOGS = YES;
				MTL_ENABLE_DEBUG_INFO = INCLUDE_SOURCE;
				MTL_FAST_MATH = YES;
				ONLY_ACTIVE_ARCH = YES;
				SDKROOT = iphoneos;
				SWIFT_ACTIVE_COMPILATION_CONDITIONS = "DEBUG $(inherited)";
				SWIFT_OPTIMIZATION_LEVEL = "-Onone";
			};
			name = Debug;
		};
		B30D670B2C73C5890053144B /* Release */ = {
			isa = XCBuildConfiguration;
			buildSettings = {
				ALWAYS_SEARCH_USER_PATHS = NO;
				ASSETCATALOG_COMPILER_GENERATE_SWIFT_ASSET_SYMBOL_EXTENSIONS = YES;
				CLANG_ANALYZER_LOCALIZABILITY_NONLOCALIZED = YES;
				CLANG_ANALYZER_NONNULL = YES;
				CLANG_ANALYZER_NUMBER_OBJECT_CONVERSION = YES_AGGRESSIVE;
				CLANG_CXX_LANGUAGE_STANDARD = "gnu++20";
				CLANG_ENABLE_MODULES = YES;
				CLANG_ENABLE_OBJC_ARC = YES;
				CLANG_ENABLE_OBJC_WEAK = YES;
				CLANG_WARN_BLOCK_CAPTURE_AUTORELEASING = YES;
				CLANG_WARN_BOOL_CONVERSION = YES;
				CLANG_WARN_COMMA = YES;
				CLANG_WARN_CONSTANT_CONVERSION = YES;
				CLANG_WARN_DEPRECATED_OBJC_IMPLEMENTATIONS = YES;
				CLANG_WARN_DIRECT_OBJC_ISA_USAGE = YES_ERROR;
				CLANG_WARN_DOCUMENTATION_COMMENTS = YES;
				CLANG_WARN_EMPTY_BODY = YES;
				CLANG_WARN_ENUM_CONVERSION = YES;
				CLANG_WARN_INFINITE_RECURSION = YES;
				CLANG_WARN_INT_CONVERSION = YES;
				CLANG_WARN_NON_LITERAL_NULL_CONVERSION = YES;
				CLANG_WARN_OBJC_IMPLICIT_RETAIN_SELF = YES;
				CLANG_WARN_OBJC_LITERAL_CONVERSION = YES;
				CLANG_WARN_OBJC_ROOT_CLASS = YES_ERROR;
				CLANG_WARN_QUOTED_INCLUDE_IN_FRAMEWORK_HEADER = YES;
				CLANG_WARN_RANGE_LOOP_ANALYSIS = YES;
				CLANG_WARN_STRICT_PROTOTYPES = YES;
				CLANG_WARN_SUSPICIOUS_MOVE = YES;
				CLANG_WARN_UNGUARDED_AVAILABILITY = YES_AGGRESSIVE;
				CLANG_WARN_UNREACHABLE_CODE = YES;
				CLANG_WARN__DUPLICATE_METHOD_MATCH = YES;
				COPY_PHASE_STRIP = NO;
				DEBUG_INFORMATION_FORMAT = "dwarf-with-dsym";
				ENABLE_NS_ASSERTIONS = NO;
				ENABLE_STRICT_OBJC_MSGSEND = YES;
				ENABLE_USER_SCRIPT_SANDBOXING = YES;
				GCC_C_LANGUAGE_STANDARD = gnu17;
				GCC_NO_COMMON_BLOCKS = YES;
				GCC_WARN_64_TO_32_BIT_CONVERSION = YES;
				GCC_WARN_ABOUT_RETURN_TYPE = YES_ERROR;
				GCC_WARN_UNDECLARED_SELECTOR = YES;
				GCC_WARN_UNINITIALIZED_AUTOS = YES_AGGRESSIVE;
				GCC_WARN_UNUSED_FUNCTION = YES;
				GCC_WARN_UNUSED_VARIABLE = YES;
				IPHONEOS_DEPLOYMENT_TARGET = 17.2;
				LOCALIZATION_PREFERS_STRING_CATALOGS = YES;
				MTL_ENABLE_DEBUG_INFO = NO;
				MTL_FAST_MATH = YES;
				SDKROOT = iphoneos;
				SWIFT_COMPILATION_MODE = wholemodule;
				VALIDATE_PRODUCT = YES;
			};
			name = Release;
		};
		B30D670D2C73C5890053144B /* Debug */ = {
			isa = XCBuildConfiguration;
			buildSettings = {
				ASSETCATALOG_COMPILER_APPICON_NAME = AppIcon;
				ASSETCATALOG_COMPILER_GLOBAL_ACCENT_COLOR_NAME = AccentColor;
				CODE_SIGN_STYLE = Automatic;
				CURRENT_PROJECT_VERSION = 1;
				DEVELOPMENT_TEAM = MAFKHQX2GF;
				GENERATE_INFOPLIST_FILE = YES;
				INFOPLIST_FILE = "MY Property/Info.plist";
				INFOPLIST_KEY_UIApplicationSupportsIndirectInputEvents = YES;
				INFOPLIST_KEY_UILaunchStoryboardName = LaunchScreen;
				INFOPLIST_KEY_UIMainStoryboardFile = Main;
				INFOPLIST_KEY_UISupportedInterfaceOrientations_iPad = "UIInterfaceOrientationPortrait UIInterfaceOrientationPortraitUpsideDown UIInterfaceOrientationLandscapeLeft UIInterfaceOrientationLandscapeRight";
				INFOPLIST_KEY_UISupportedInterfaceOrientations_iPhone = "UIInterfaceOrientationPortrait UIInterfaceOrientationLandscapeLeft UIInterfaceOrientationLandscapeRight";
				LD_RUNPATH_SEARCH_PATHS = (
					"$(inherited)",
					"@executable_path/Frameworks",
				);
				MARKETING_VERSION = 1.0;
				PRODUCT_BUNDLE_IDENTIFIER = "SelfStudy.MY-Property";
				PRODUCT_NAME = "$(TARGET_NAME)";
				SWIFT_EMIT_LOC_STRINGS = YES;
				SWIFT_VERSION = 5.0;
				TARGETED_DEVICE_FAMILY = "1,2";
			};
			name = Debug;
		};
		B30D670E2C73C5890053144B /* Release */ = {
			isa = XCBuildConfiguration;
			buildSettings = {
				ASSETCATALOG_COMPILER_APPICON_NAME = AppIcon;
				ASSETCATALOG_COMPILER_GLOBAL_ACCENT_COLOR_NAME = AccentColor;
				CODE_SIGN_STYLE = Automatic;
				CURRENT_PROJECT_VERSION = 1;
				DEVELOPMENT_TEAM = MAFKHQX2GF;
				GENERATE_INFOPLIST_FILE = YES;
				INFOPLIST_FILE = "MY Property/Info.plist";
				INFOPLIST_KEY_UIApplicationSupportsIndirectInputEvents = YES;
				INFOPLIST_KEY_UILaunchStoryboardName = LaunchScreen;
				INFOPLIST_KEY_UIMainStoryboardFile = Main;
				INFOPLIST_KEY_UISupportedInterfaceOrientations_iPad = "UIInterfaceOrientationPortrait UIInterfaceOrientationPortraitUpsideDown UIInterfaceOrientationLandscapeLeft UIInterfaceOrientationLandscapeRight";
				INFOPLIST_KEY_UISupportedInterfaceOrientations_iPhone = "UIInterfaceOrientationPortrait UIInterfaceOrientationLandscapeLeft UIInterfaceOrientationLandscapeRight";
				LD_RUNPATH_SEARCH_PATHS = (
					"$(inherited)",
					"@executable_path/Frameworks",
				);
				MARKETING_VERSION = 1.0;
				PRODUCT_BUNDLE_IDENTIFIER = "SelfStudy.MY-Property";
				PRODUCT_NAME = "$(TARGET_NAME)";
				SWIFT_EMIT_LOC_STRINGS = YES;
				SWIFT_VERSION = 5.0;
				TARGETED_DEVICE_FAMILY = "1,2";
			};
			name = Release;
		};
/* End XCBuildConfiguration section */

/* Begin XCConfigurationList section */
		B30D66F32C73C5860053144B /* Build configuration list for PBXProject "MY Property" */ = {
			isa = XCConfigurationList;
			buildConfigurations = (
				B30D670A2C73C5890053144B /* Debug */,
				B30D670B2C73C5890053144B /* Release */,
			);
			defaultConfigurationIsVisible = 0;
			defaultConfigurationName = Release;
		};
		B30D670C2C73C5890053144B /* Build configuration list for PBXNativeTarget "MY Property" */ = {
			isa = XCConfigurationList;
			buildConfigurations = (
				B30D670D2C73C5890053144B /* Debug */,
				B30D670E2C73C5890053144B /* Release */,
			);
			defaultConfigurationIsVisible = 0;
			defaultConfigurationName = Release;
		};
/* End XCConfigurationList section */

/* Begin XCRemoteSwiftPackageReference section */
		B30D67132C73C6510053144B /* XCRemoteSwiftPackageReference "Alamofire" */ = {
			isa = XCRemoteSwiftPackageReference;
			repositoryURL = "https://github.com/Alamofire/Alamofire";
			requirement = {
				kind = upToNextMajorVersion;
				minimumVersion = 5.9.1;
			};
		};
		B30D67182C73C6630053144B /* XCRemoteSwiftPackageReference "GoogleSignIn-iOS" */ = {
			isa = XCRemoteSwiftPackageReference;
			repositoryURL = "https://github.com/google/GoogleSignIn-iOS";
			requirement = {
				kind = upToNextMajorVersion;
				minimumVersion = 8.0.0;
			};
		};
		B30D671D2C73C6BB0053144B /* XCRemoteSwiftPackageReference "firebase-ios-sdk" */ = {
			isa = XCRemoteSwiftPackageReference;
			repositoryURL = "https://github.com/firebase/firebase-ios-sdk.git";
			requirement = {
				kind = upToNextMajorVersion;
				minimumVersion = 11.1.0;
			};
		};
		B3623DFD2CA4C070003AE477 /* XCRemoteSwiftPackageReference "keychain-swift" */ = {
			isa = XCRemoteSwiftPackageReference;
			repositoryURL = "https://github.com/evgenyneu/keychain-swift.git";
			requirement = {
				kind = upToNextMajorVersion;
				minimumVersion = 24.0.0;
			};
		};
		BA43BEB92C85169D0036175F /* XCRemoteSwiftPackageReference "SDWebImage" */ = {
			isa = XCRemoteSwiftPackageReference;
			repositoryURL = "https://github.com/SDWebImage/SDWebImage.git";
			requirement = {
				kind = upToNextMajorVersion;
				minimumVersion = 5.19.7;
			};
		};
/* End XCRemoteSwiftPackageReference section */

/* Begin XCSwiftPackageProductDependency section */
		B30D67142C73C6510053144B /* Alamofire */ = {
			isa = XCSwiftPackageProductDependency;
			package = B30D67132C73C6510053144B /* XCRemoteSwiftPackageReference "Alamofire" */;
			productName = Alamofire;
		};
		B30D67192C73C6640053144B /* GoogleSignIn */ = {
			isa = XCSwiftPackageProductDependency;
			package = B30D67182C73C6630053144B /* XCRemoteSwiftPackageReference "GoogleSignIn-iOS" */;
			productName = GoogleSignIn;
		};
		B30D671B2C73C6640053144B /* GoogleSignInSwift */ = {
			isa = XCSwiftPackageProductDependency;
			package = B30D67182C73C6630053144B /* XCRemoteSwiftPackageReference "GoogleSignIn-iOS" */;
			productName = GoogleSignInSwift;
		};
		B30D671E2C73C6BB0053144B /* FirebaseAnalytics */ = {
			isa = XCSwiftPackageProductDependency;
			package = B30D671D2C73C6BB0053144B /* XCRemoteSwiftPackageReference "firebase-ios-sdk" */;
			productName = FirebaseAnalytics;
		};
		B30D67202C73C6BB0053144B /* FirebaseAnalyticsOnDeviceConversion */ = {
			isa = XCSwiftPackageProductDependency;
			package = B30D671D2C73C6BB0053144B /* XCRemoteSwiftPackageReference "firebase-ios-sdk" */;
			productName = FirebaseAnalyticsOnDeviceConversion;
		};
		B30D67222C73C6BB0053144B /* FirebaseAnalyticsWithoutAdIdSupport */ = {
			isa = XCSwiftPackageProductDependency;
			package = B30D671D2C73C6BB0053144B /* XCRemoteSwiftPackageReference "firebase-ios-sdk" */;
			productName = FirebaseAnalyticsWithoutAdIdSupport;
		};
		B30D67242C73C6BB0053144B /* FirebaseAppCheck */ = {
			isa = XCSwiftPackageProductDependency;
			package = B30D671D2C73C6BB0053144B /* XCRemoteSwiftPackageReference "firebase-ios-sdk" */;
			productName = FirebaseAppCheck;
		};
		B30D67262C73C6BB0053144B /* FirebaseAppDistribution-Beta */ = {
			isa = XCSwiftPackageProductDependency;
			package = B30D671D2C73C6BB0053144B /* XCRemoteSwiftPackageReference "firebase-ios-sdk" */;
			productName = "FirebaseAppDistribution-Beta";
		};
		B317B9A12C7A2EA8001836EB /* FirebaseAuth */ = {
			isa = XCSwiftPackageProductDependency;
			package = B30D671D2C73C6BB0053144B /* XCRemoteSwiftPackageReference "firebase-ios-sdk" */;
			productName = FirebaseAuth;
		};
		B3623DEF2CA4ABFE003AE477 /* FirebaseFirestore */ = {
			isa = XCSwiftPackageProductDependency;
			package = B30D671D2C73C6BB0053144B /* XCRemoteSwiftPackageReference "firebase-ios-sdk" */;
			productName = FirebaseFirestore;
		};
		B3623DF12CA4AC19003AE477 /* FirebaseStorage */ = {
			isa = XCSwiftPackageProductDependency;
			package = B30D671D2C73C6BB0053144B /* XCRemoteSwiftPackageReference "firebase-ios-sdk" */;
			productName = FirebaseStorage;
		};
		B3623DFE2CA4C070003AE477 /* KeychainSwift */ = {
			isa = XCSwiftPackageProductDependency;
			package = B3623DFD2CA4C070003AE477 /* XCRemoteSwiftPackageReference "keychain-swift" */;
			productName = KeychainSwift;
		};
		BA43BEBA2C85169D0036175F /* SDWebImage */ = {
			isa = XCSwiftPackageProductDependency;
			package = BA43BEB92C85169D0036175F /* XCRemoteSwiftPackageReference "SDWebImage" */;
			productName = SDWebImage;
		};
/* End XCSwiftPackageProductDependency section */
	};
	rootObject = B30D66F02C73C5860053144B /* Project object */;
}
